// !$*UTF8*$!
{
	archiveVersion = 1;
	classes = {
	};
	objectVersion = 77;
	objects = {

/* Begin PBXBuildFile section */
		B9A4F2072F5C1AAB00A1B001 /* FirebaseCrashlytics in Frameworks */ = {isa = PBXBuildFile; productRef = B9A4F2052F5C1AAB00A1B001 /* FirebaseCrashlytics */; };
		B9A4F2082F5C1ABB00A1B001 /* FirebaseAnalytics in Frameworks */ = {isa = PBXBuildFile; productRef = B9A4F2092F5C1ABB00A1B001 /* FirebaseAnalytics */; };
		C3165E4D2EE6D6B900169223 /* GoogleMobileAds in Frameworks */ = {isa = PBXBuildFile; productRef = C3165E4C2EE6D6B900169223 /* GoogleMobileAds */; };
/* End PBXBuildFile section */

/* Begin PBXContainerItemProxy section */
		C30A78B12E10EE8700212729 /* PBXContainerItemProxy */ = {
			isa = PBXContainerItemProxy;
			containerPortal = C30A789B2E10EE8500212729 /* Project object */;
			proxyType = 1;
			remoteGlobalIDString = C30A78A22E10EE8500212729;
			remoteInfo = Calc26;
		};
		C30A78BB2E10EE8700212729 /* PBXContainerItemProxy */ = {
			isa = PBXContainerItemProxy;
			containerPortal = C30A789B2E10EE8500212729 /* Project object */;
			proxyType = 1;
			remoteGlobalIDString = C30A78A22E10EE8500212729;
			remoteInfo = Calc26;
		};
/* End PBXContainerItemProxy section */

/* Begin PBXFileReference section */
		C30A78A32E10EE8500212729 /* Calclin.app */ = {isa = PBXFileReference; explicitFileType = wrapper.application; includeInIndex = 0; path = Calclin.app; sourceTree = BUILT_PRODUCTS_DIR; };
		C30A78B02E10EE8700212729 /* CalclinTests.xctest */ = {isa = PBXFileReference; explicitFileType = wrapper.cfbundle; includeInIndex = 0; path = CalclinTests.xctest; sourceTree = BUILT_PRODUCTS_DIR; };
		C30A78BA2E10EE8700212729 /* CalclinUITests.xctest */ = {isa = PBXFileReference; explicitFileType = wrapper.cfbundle; includeInIndex = 0; path = CalclinUITests.xctest; sourceTree = BUILT_PRODUCTS_DIR; };
/* End PBXFileReference section */

/* Begin PBXFileSystemSynchronizedBuildFileExceptionSet section */
		C3308B272E2F3F34009ED6D6 /* Exceptions for "Calc26" folder in "Calclin" target */ = {
			isa = PBXFileSystemSynchronizedBuildFileExceptionSet;
			membershipExceptions = (
				App/Assets.xcassets,
				App/Calc26App.swift,
				App/Config.swift,
				App/ContentView.swift,
				"App/GoogleService-Info.plist",
				App/Localizable.xcstrings,
				App/Log.swift,
				App/Manager.swift,
				App/PopupView.swift,
				CalcView/CalcFunc.swift,
				CalcView/CalcRollView.swift,
				CalcView/CalcView.swift,
				CalcView/CalcViewModel.swift,
				CalcView/FormulaView.swift,
				CalcView/HistoryView.swift,
				KeyboardView/initKeyboard.json,
				KeyboardView/KeyboardView.swift,
				KeyboardView/KeyboardViewModel.swift,
				KeyboardView/KeyDefinition.json,
				PrivacyInfo.xcprivacy,
				SBCD/SBCD_objC_Wrapper.mm,
				SBCD/SBCD_Wrapper.swift,
				SBCD/SBCD.cpp,
				SettingView/AdMobViews.swift,
				SettingView/SettingView.swift,
				SettingView/SettingViewModel.swift,
			);
			target = C30A78A22E10EE8500212729 /* Calclin */;
		};
		C3308B282E2F3F34009ED6D6 /* Exceptions for "Calc26" folder in "CalclinTests" target */ = {
			isa = PBXFileSystemSynchronizedBuildFileExceptionSet;
			membershipExceptions = (
				App/Assets.xcassets,
				"App/GoogleService-Info.plist",
				Info.plist,
				KeyboardView/initKeyboard.json,
				KeyboardView/KeyDefinition.json,
			);
			target = C30A78AF2E10EE8700212729 /* CalclinTests */;
		};
		C3308B292E2F3F34009ED6D6 /* Exceptions for "Calc26" folder in "CalclinUITests" target */ = {
			isa = PBXFileSystemSynchronizedBuildFileExceptionSet;
			membershipExceptions = (
				App/Calc26App.swift,
				App/Config.swift,
				App/ContentView.swift,
				App/Localizable.xcstrings,
				App/Log.swift,
				App/Manager.swift,
				App/PopupView.swift,
				CalcView/CalcFunc.swift,
				CalcView/CalcRollView.swift,
				CalcView/CalcView.swift,
				CalcView/CalcViewModel.swift,
				CalcView/FormulaView.swift,
				CalcView/HistoryView.swift,
				KeyboardView/KeyboardView.swift,
				KeyboardView/KeyboardViewModel.swift,
				SBCD/SBCD_objC_Wrapper.mm,
				SBCD/SBCD_Wrapper.swift,
				SBCD/SBCD.cpp,
				SettingView/AdMobViews.swift,
				SettingView/SettingView.swift,
				SettingView/SettingViewModel.swift,
			);
			target = C30A78B92E10EE8700212729 /* CalclinUITests */;
		};
/* End PBXFileSystemSynchronizedBuildFileExceptionSet section */

/* Begin PBXFileSystemSynchronizedRootGroup section */
		C30A78B32E10EE8700212729 /* Calc26Tests */ = {
			isa = PBXFileSystemSynchronizedRootGroup;
			path = Calc26Tests;
			sourceTree = "<group>";
		};
		C30A78BD2E10EE8700212729 /* Calc26UITests */ = {
			isa = PBXFileSystemSynchronizedRootGroup;
			path = Calc26UITests;
			sourceTree = "<group>";
		};
		C3308AFD2E2F3F34009ED6D6 /* Calc26 */ = {
			isa = PBXFileSystemSynchronizedRootGroup;
			exceptions = (
				C3308B272E2F3F34009ED6D6 /* Exceptions for "Calc26" folder in "Calclin" target */,
				C3308B282E2F3F34009ED6D6 /* Exceptions for "Calc26" folder in "CalclinTests" target */,
				C3308B292E2F3F34009ED6D6 /* Exceptions for "Calc26" folder in "CalclinUITests" target */,
			);
			path = Calc26;
			sourceTree = "<group>";
		};
/* End PBXFileSystemSynchronizedRootGroup section */

/* Begin PBXFrameworksBuildPhase section */
		C30A78A02E10EE8500212729 /* Frameworks */ = {
			isa = PBXFrameworksBuildPhase;
			buildActionMask = 2147483647;
			files = (
				C3165E4D2EE6D6B900169223 /* GoogleMobileAds in Frameworks */,
				B9A4F2072F5C1AAB00A1B001 /* FirebaseCrashlytics in Frameworks */,
				B9A4F2082F5C1ABB00A1B001 /* FirebaseAnalytics in Frameworks */,
			);
			runOnlyForDeploymentPostprocessing = 0;
		};
		C30A78AD2E10EE8700212729 /* Frameworks */ = {
			isa = PBXFrameworksBuildPhase;
			buildActionMask = 2147483647;
			files = (
			);
			runOnlyForDeploymentPostprocessing = 0;
		};
		C30A78B72E10EE8700212729 /* Frameworks */ = {
			isa = PBXFrameworksBuildPhase;
			buildActionMask = 2147483647;
			files = (
			);
			runOnlyForDeploymentPostprocessing = 0;
		};
/* End PBXFrameworksBuildPhase section */

/* Begin PBXGroup section */
		C30A789A2E10EE8500212729 = {
			isa = PBXGroup;
			children = (
				C3308AFD2E2F3F34009ED6D6 /* Calc26 */,
				C30A78B32E10EE8700212729 /* Calc26Tests */,
				C30A78BD2E10EE8700212729 /* Calc26UITests */,
				C3165E4A2EE6D5B800169223 /* Frameworks */,
				C30A78A42E10EE8500212729 /* Products */,
			);
			sourceTree = "<group>";
		};
		C30A78A42E10EE8500212729 /* Products */ = {
			isa = PBXGroup;
			children = (
				C30A78A32E10EE8500212729 /* Calclin.app */,
				C30A78B02E10EE8700212729 /* CalclinTests.xctest */,
				C30A78BA2E10EE8700212729 /* CalclinUITests.xctest */,
			);
			name = Products;
			sourceTree = "<group>";
		};
		C3165E4A2EE6D5B800169223 /* Frameworks */ = {
			isa = PBXGroup;
			children = (
			);
			name = Frameworks;
			sourceTree = "<group>";
		};
/* End PBXGroup section */

/* Begin PBXNativeTarget section */
		C30A78A22E10EE8500212729 /* Calclin */ = {
			isa = PBXNativeTarget;
			buildConfigurationList = C30A78C42E10EE8700212729 /* Build configuration list for PBXNativeTarget "Calclin" */;
			buildPhases = (
				C30A78A12E10EE8500212729 /* Resources */,
				C30A789F2E10EE8500212729 /* Sources */,
				C30A78A02E10EE8500212729 /* Frameworks */,
			);
			buildRules = (
			);
			dependencies = (
			);
			name = Calclin;
			packageProductDependencies = (
				B9A4F2052F5C1AAB00A1B001 /* FirebaseCrashlytics */,
				B9A4F2092F5C1ABB00A1B001 /* FirebaseAnalytics */,
				C3165E4C2EE6D6B900169223 /* GoogleMobileAds */,
			);
			productName = Calc26;
			productReference = C30A78A32E10EE8500212729 /* Calclin.app */;
			productType = "com.apple.product-type.application";
		};
		C30A78AF2E10EE8700212729 /* CalclinTests */ = {
			isa = PBXNativeTarget;
			buildConfigurationList = C30A78C72E10EE8700212729 /* Build configuration list for PBXNativeTarget "CalclinTests" */;
			buildPhases = (
				C30A78AC2E10EE8700212729 /* Sources */,
				C30A78AD2E10EE8700212729 /* Frameworks */,
				C30A78AE2E10EE8700212729 /* Resources */,
			);
			buildRules = (
			);
			dependencies = (
				C30A78B22E10EE8700212729 /* PBXTargetDependency */,
			);
			fileSystemSynchronizedGroups = (
				C30A78B32E10EE8700212729 /* Calc26Tests */,
				C3308AFD2E2F3F34009ED6D6 /* Calc26 */,
			);
			name = CalclinTests;
			packageProductDependencies = (
			);
			productName = Calc26Tests;
			productReference = C30A78B02E10EE8700212729 /* CalclinTests.xctest */;
			productType = "com.apple.product-type.bundle.unit-test";
		};
		C30A78B92E10EE8700212729 /* CalclinUITests */ = {
			isa = PBXNativeTarget;
			buildConfigurationList = C30A78CA2E10EE8700212729 /* Build configuration list for PBXNativeTarget "CalclinUITests" */;
			buildPhases = (
				C30A78B62E10EE8700212729 /* Sources */,
				C30A78B72E10EE8700212729 /* Frameworks */,
				C30A78B82E10EE8700212729 /* Resources */,
			);
			buildRules = (
			);
			dependencies = (
				C30A78BC2E10EE8700212729 /* PBXTargetDependency */,
			);
			fileSystemSynchronizedGroups = (
				C30A78BD2E10EE8700212729 /* Calc26UITests */,
			);
			name = CalclinUITests;
			packageProductDependencies = (
			);
			productName = Calc26UITests;
			productReference = C30A78BA2E10EE8700212729 /* CalclinUITests.xctest */;
			productType = "com.apple.product-type.bundle.ui-testing";
		};
/* End PBXNativeTarget section */

/* Begin PBXProject section */
		C30A789B2E10EE8500212729 /* Project object */ = {
			isa = PBXProject;
			attributes = {
				BuildIndependentTargetsInParallel = 1;
				LastSwiftUpdateCheck = 1630;
				LastUpgradeCheck = 2610;
				TargetAttributes = {
					C30A78A22E10EE8500212729 = {
						CreatedOnToolsVersion = 16.3;
					};
					C30A78AF2E10EE8700212729 = {
						CreatedOnToolsVersion = 16.3;
						TestTargetID = C30A78A22E10EE8500212729;
					};
					C30A78B92E10EE8700212729 = {
						CreatedOnToolsVersion = 16.3;
						TestTargetID = C30A78A22E10EE8500212729;
					};
				};
			};
			buildConfigurationList = C30A789E2E10EE8500212729 /* Build configuration list for PBXProject "Calclin" */;
			developmentRegion = en;
			hasScannedForEncodings = 0;
			knownRegions = (
				en,
				Base,
				ja,
			);
			mainGroup = C30A789A2E10EE8500212729;
			minimizedProjectReferenceProxies = 1;
			packageReferences = (
				B9A4F2062F5C1AAB00A1B001 /* XCRemoteSwiftPackageReference "firebase-ios-sdk" */,
				C3165E4B2EE6D68A00169223 /* XCRemoteSwiftPackageReference "swift-package-manager-google-mobile-ads" */,
			);
			preferredProjectObjectVersion = 77;
			productRefGroup = C30A78A42E10EE8500212729 /* Products */;
			projectDirPath = "";
			projectRoot = "";
			targets = (
				C30A78A22E10EE8500212729 /* Calclin */,
				C30A78AF2E10EE8700212729 /* CalclinTests */,
				C30A78B92E10EE8700212729 /* CalclinUITests */,
			);
		};
/* End PBXProject section */

/* Begin PBXResourcesBuildPhase section */
		C30A78A12E10EE8500212729 /* Resources */ = {
			isa = PBXResourcesBuildPhase;
			buildActionMask = 2147483647;
			files = (
			);
			runOnlyForDeploymentPostprocessing = 0;
		};
		C30A78AE2E10EE8700212729 /* Resources */ = {
			isa = PBXResourcesBuildPhase;
			buildActionMask = 2147483647;
			files = (
			);
			runOnlyForDeploymentPostprocessing = 0;
		};
		C30A78B82E10EE8700212729 /* Resources */ = {
			isa = PBXResourcesBuildPhase;
			buildActionMask = 2147483647;
			files = (
			);
			runOnlyForDeploymentPostprocessing = 0;
		};
/* End PBXResourcesBuildPhase section */

/* Begin PBXSourcesBuildPhase section */
		C30A789F2E10EE8500212729 /* Sources */ = {
			isa = PBXSourcesBuildPhase;
			buildActionMask = 2147483647;
			files = (
			);
			runOnlyForDeploymentPostprocessing = 0;
		};
		C30A78AC2E10EE8700212729 /* Sources */ = {
			isa = PBXSourcesBuildPhase;
			buildActionMask = 2147483647;
			files = (
			);
			runOnlyForDeploymentPostprocessing = 0;
		};
		C30A78B62E10EE8700212729 /* Sources */ = {
			isa = PBXSourcesBuildPhase;
			buildActionMask = 2147483647;
			files = (
			);
			runOnlyForDeploymentPostprocessing = 0;
		};
/* End PBXSourcesBuildPhase section */

/* Begin PBXTargetDependency section */
		C30A78B22E10EE8700212729 /* PBXTargetDependency */ = {
			isa = PBXTargetDependency;
			target = C30A78A22E10EE8500212729 /* Calclin */;
			targetProxy = C30A78B12E10EE8700212729 /* PBXContainerItemProxy */;
		};
		C30A78BC2E10EE8700212729 /* PBXTargetDependency */ = {
			isa = PBXTargetDependency;
			target = C30A78A22E10EE8500212729 /* Calclin */;
			targetProxy = C30A78BB2E10EE8700212729 /* PBXContainerItemProxy */;
		};
/* End PBXTargetDependency section */

/* Begin XCBuildConfiguration section */
		C30A78C22E10EE8700212729 /* Debug */ = {
			isa = XCBuildConfiguration;
			buildSettings = {
				ALWAYS_SEARCH_USER_PATHS = NO;
				ASSETCATALOG_COMPILER_GENERATE_SWIFT_ASSET_SYMBOL_EXTENSIONS = YES;
				CLANG_ANALYZER_LOCALIZABILITY_NONLOCALIZED = YES;
				CLANG_ANALYZER_NONNULL = YES;
				CLANG_ANALYZER_NUMBER_OBJECT_CONVERSION = YES_AGGRESSIVE;
				CLANG_CXX_LANGUAGE_STANDARD = "gnu++20";
				CLANG_ENABLE_MODULES = YES;
				CLANG_ENABLE_OBJC_ARC = YES;
				CLANG_ENABLE_OBJC_WEAK = YES;
				CLANG_WARN_BLOCK_CAPTURE_AUTORELEASING = YES;
				CLANG_WARN_BOOL_CONVERSION = YES;
				CLANG_WARN_COMMA = YES;
				CLANG_WARN_CONSTANT_CONVERSION = YES;
				CLANG_WARN_DEPRECATED_OBJC_IMPLEMENTATIONS = YES;
				CLANG_WARN_DIRECT_OBJC_ISA_USAGE = YES_ERROR;
				CLANG_WARN_DOCUMENTATION_COMMENTS = YES;
				CLANG_WARN_EMPTY_BODY = YES;
				CLANG_WARN_ENUM_CONVERSION = YES;
				CLANG_WARN_INFINITE_RECURSION = YES;
				CLANG_WARN_INT_CONVERSION = YES;
				CLANG_WARN_NON_LITERAL_NULL_CONVERSION = YES;
				CLANG_WARN_OBJC_IMPLICIT_RETAIN_SELF = YES;
				CLANG_WARN_OBJC_LITERAL_CONVERSION = YES;
				CLANG_WARN_OBJC_ROOT_CLASS = YES_ERROR;
				CLANG_WARN_QUOTED_INCLUDE_IN_FRAMEWORK_HEADER = YES;
				CLANG_WARN_RANGE_LOOP_ANALYSIS = YES;
				CLANG_WARN_STRICT_PROTOTYPES = YES;
				CLANG_WARN_SUSPICIOUS_MOVE = YES;
				CLANG_WARN_UNGUARDED_AVAILABILITY = YES_AGGRESSIVE;
				CLANG_WARN_UNREACHABLE_CODE = YES;
				CLANG_WARN__DUPLICATE_METHOD_MATCH = YES;
				COPY_PHASE_STRIP = NO;
				DEBUG_INFORMATION_FORMAT = dwarf;
				DEVELOPMENT_TEAM = 5C2UYK6F45;
				ENABLE_STRICT_OBJC_MSGSEND = YES;
				ENABLE_TESTABILITY = YES;
				ENABLE_USER_SCRIPT_SANDBOXING = YES;
				GCC_C_LANGUAGE_STANDARD = gnu17;
				GCC_DYNAMIC_NO_PIC = NO;
				GCC_NO_COMMON_BLOCKS = YES;
				GCC_OPTIMIZATION_LEVEL = 0;
				GCC_PREPROCESSOR_DEFINITIONS = (
					"DEBUG=1",
					"$(inherited)",
				);
				GCC_WARN_64_TO_32_BIT_CONVERSION = YES;
				GCC_WARN_ABOUT_RETURN_TYPE = YES_ERROR;
				GCC_WARN_UNDECLARED_SELECTOR = YES;
				GCC_WARN_UNINITIALIZED_AUTOS = YES_AGGRESSIVE;
				GCC_WARN_UNUSED_FUNCTION = YES;
				GCC_WARN_UNUSED_VARIABLE = YES;
				IPHONEOS_DEPLOYMENT_TARGET = 18.4;
				LOCALIZATION_PREFERS_STRING_CATALOGS = YES;
				MTL_ENABLE_DEBUG_INFO = INCLUDE_SOURCE;
				MTL_FAST_MATH = YES;
				ONLY_ACTIVE_ARCH = YES;
				SDKROOT = iphoneos;
				STRING_CATALOG_GENERATE_SYMBOLS = YES;
				SWIFT_ACTIVE_COMPILATION_CONDITIONS = "DEBUG $(inherited)";
				SWIFT_EMIT_LOC_STRINGS = YES;
				SWIFT_OPTIMIZATION_LEVEL = "-Onone";
			};
			name = Debug;
		};
		C30A78C32E10EE8700212729 /* Release */ = {
			isa = XCBuildConfiguration;
			buildSettings = {
				ALWAYS_SEARCH_USER_PATHS = NO;
				ASSETCATALOG_COMPILER_GENERATE_SWIFT_ASSET_SYMBOL_EXTENSIONS = YES;
				CLANG_ANALYZER_LOCALIZABILITY_NONLOCALIZED = YES;
				CLANG_ANALYZER_NONNULL = YES;
				CLANG_ANALYZER_NUMBER_OBJECT_CONVERSION = YES_AGGRESSIVE;
				CLANG_CXX_LANGUAGE_STANDARD = "gnu++20";
				CLANG_ENABLE_MODULES = YES;
				CLANG_ENABLE_OBJC_ARC = YES;
				CLANG_ENABLE_OBJC_WEAK = YES;
				CLANG_WARN_BLOCK_CAPTURE_AUTORELEASING = YES;
				CLANG_WARN_BOOL_CONVERSION = YES;
				CLANG_WARN_COMMA = YES;
				CLANG_WARN_CONSTANT_CONVERSION = YES;
				CLANG_WARN_DEPRECATED_OBJC_IMPLEMENTATIONS = YES;
				CLANG_WARN_DIRECT_OBJC_ISA_USAGE = YES_ERROR;
				CLANG_WARN_DOCUMENTATION_COMMENTS = YES;
				CLANG_WARN_EMPTY_BODY = YES;
				CLANG_WARN_ENUM_CONVERSION = YES;
				CLANG_WARN_INFINITE_RECURSION = YES;
				CLANG_WARN_INT_CONVERSION = YES;
				CLANG_WARN_NON_LITERAL_NULL_CONVERSION = YES;
				CLANG_WARN_OBJC_IMPLICIT_RETAIN_SELF = YES;
				CLANG_WARN_OBJC_LITERAL_CONVERSION = YES;
				CLANG_WARN_OBJC_ROOT_CLASS = YES_ERROR;
				CLANG_WARN_QUOTED_INCLUDE_IN_FRAMEWORK_HEADER = YES;
				CLANG_WARN_RANGE_LOOP_ANALYSIS = YES;
				CLANG_WARN_STRICT_PROTOTYPES = YES;
				CLANG_WARN_SUSPICIOUS_MOVE = YES;
				CLANG_WARN_UNGUARDED_AVAILABILITY = YES_AGGRESSIVE;
				CLANG_WARN_UNREACHABLE_CODE = YES;
				CLANG_WARN__DUPLICATE_METHOD_MATCH = YES;
				COPY_PHASE_STRIP = NO;
				DEBUG_INFORMATION_FORMAT = "dwarf-with-dsym";
				DEVELOPMENT_TEAM = 5C2UYK6F45;
				ENABLE_NS_ASSERTIONS = NO;
				ENABLE_STRICT_OBJC_MSGSEND = YES;
				ENABLE_USER_SCRIPT_SANDBOXING = YES;
				GCC_C_LANGUAGE_STANDARD = gnu17;
				GCC_NO_COMMON_BLOCKS = YES;
				GCC_WARN_64_TO_32_BIT_CONVERSION = YES;
				GCC_WARN_ABOUT_RETURN_TYPE = YES_ERROR;
				GCC_WARN_UNDECLARED_SELECTOR = YES;
				GCC_WARN_UNINITIALIZED_AUTOS = YES_AGGRESSIVE;
				GCC_WARN_UNUSED_FUNCTION = YES;
				GCC_WARN_UNUSED_VARIABLE = YES;
				IPHONEOS_DEPLOYMENT_TARGET = 18.4;
				LOCALIZATION_PREFERS_STRING_CATALOGS = YES;
				MTL_ENABLE_DEBUG_INFO = NO;
				MTL_FAST_MATH = YES;
				SDKROOT = iphoneos;
				STRING_CATALOG_GENERATE_SYMBOLS = YES;
				SWIFT_COMPILATION_MODE = wholemodule;
				SWIFT_EMIT_LOC_STRINGS = YES;
				VALIDATE_PRODUCT = YES;
			};
			name = Release;
		};
		C30A78C52E10EE8700212729 /* Debug */ = {
			isa = XCBuildConfiguration;
			buildSettings = {
				ASSETCATALOG_COMPILER_APPICON_NAME = AppIcon;
				ASSETCATALOG_COMPILER_GLOBAL_ACCENT_COLOR_NAME = AccentColor;
				CODE_SIGN_IDENTITY = "Apple Development";
				"CODE_SIGN_IDENTITY[sdk=iphoneos*]" = "iPhone Distribution";
				CODE_SIGN_STYLE = Manual;
				CURRENT_PROJECT_VERSION = 1;
				DEVELOPMENT_TEAM = "";
				"DEVELOPMENT_TEAM[sdk=iphoneos*]" = 5C2UYK6F45;
				ENABLE_PREVIEWS = YES;
				GENERATE_INFOPLIST_FILE = YES;
				INFOPLIST_FILE = Calc26/Info.plist;
				INFOPLIST_KEY_CFBundleDisplayName = "カルメモ";
				INFOPLIST_KEY_ITSAppUsesNonExemptEncryption = NO;
				INFOPLIST_KEY_LSApplicationCategoryType = "public.app-category.utilities";
				INFOPLIST_KEY_UIApplicationSceneManifest_Generation = YES;
				INFOPLIST_KEY_UIApplicationSupportsIndirectInputEvents = YES;
				INFOPLIST_KEY_UILaunchScreen_Generation = YES;
				INFOPLIST_KEY_UIStatusBarStyle = "";
				INFOPLIST_KEY_UISupportedInterfaceOrientations = "UIInterfaceOrientationPortrait UIInterfaceOrientationPortraitUpsideDown";
				INFOPLIST_KEY_UISupportedInterfaceOrientations_iPad = "UIInterfaceOrientationLandscapeLeft UIInterfaceOrientationLandscapeRight UIInterfaceOrientationPortrait UIInterfaceOrientationPortraitUpsideDown";
				IPHONEOS_DEPLOYMENT_TARGET = 18.0;
				LD_RUNPATH_SEARCH_PATHS = (
					"$(inherited)",
					"@executable_path/Frameworks",
				);
				MARKETING_VERSION = 2.1.0;
				PRODUCT_BUNDLE_IDENTIFIER = com.azukid.AzukiSoft.AzCalc;
				PRODUCT_NAME = "$(TARGET_NAME)";
				PROVISIONING_PROFILE_SPECIFIER = "";
				"PROVISIONING_PROFILE_SPECIFIER[sdk=iphoneos*]" = "CalcRoll memo";
				SWIFT_EMIT_LOC_STRINGS = YES;
				SWIFT_OBJC_BRIDGING_HEADER = "$(SRCROOT)/calc26/SBCD/sbcd-Bridging-Header.h";
				SWIFT_VERSION = 6.0;
				TARGETED_DEVICE_FAMILY = "1,2";
			};
			name = Debug;
		};
		C30A78C62E10EE8700212729 /* Release */ = {
			isa = XCBuildConfiguration;
			buildSettings = {
				ASSETCATALOG_COMPILER_APPICON_NAME = AppIcon;
				ASSETCATALOG_COMPILER_GLOBAL_ACCENT_COLOR_NAME = AccentColor;
				CODE_SIGN_IDENTITY = "Apple Development";
				"CODE_SIGN_IDENTITY[sdk=iphoneos*]" = "iPhone Distribution";
				CODE_SIGN_STYLE = Manual;
				CURRENT_PROJECT_VERSION = 1;
				DEVELOPMENT_TEAM = "";
				"DEVELOPMENT_TEAM[sdk=iphoneos*]" = 5C2UYK6F45;
				ENABLE_PREVIEWS = YES;
				GENERATE_INFOPLIST_FILE = YES;
				INFOPLIST_FILE = Calc26/Info.plist;
				INFOPLIST_KEY_CFBundleDisplayName = "カルメモ";
				INFOPLIST_KEY_ITSAppUsesNonExemptEncryption = NO;
				INFOPLIST_KEY_LSApplicationCategoryType = "public.app-category.utilities";
				INFOPLIST_KEY_UIApplicationSceneManifest_Generation = YES;
				INFOPLIST_KEY_UIApplicationSupportsIndirectInputEvents = YES;
				INFOPLIST_KEY_UILaunchScreen_Generation = YES;
				INFOPLIST_KEY_UIStatusBarStyle = "";
				INFOPLIST_KEY_UISupportedInterfaceOrientations = "UIInterfaceOrientationPortrait UIInterfaceOrientationPortraitUpsideDown";
				INFOPLIST_KEY_UISupportedInterfaceOrientations_iPad = "UIInterfaceOrientationLandscapeLeft UIInterfaceOrientationLandscapeRight UIInterfaceOrientationPortrait UIInterfaceOrientationPortraitUpsideDown";
				IPHONEOS_DEPLOYMENT_TARGET = 18.0;
				LD_RUNPATH_SEARCH_PATHS = (
					"$(inherited)",
					"@executable_path/Frameworks",
				);
				MARKETING_VERSION = 2.1.0;
				PRODUCT_BUNDLE_IDENTIFIER = com.azukid.AzukiSoft.AzCalc;
				PRODUCT_NAME = "$(TARGET_NAME)";
				PROVISIONING_PROFILE_SPECIFIER = "";
				"PROVISIONING_PROFILE_SPECIFIER[sdk=iphoneos*]" = "CalcRoll memo";
				SWIFT_EMIT_LOC_STRINGS = YES;
				SWIFT_OBJC_BRIDGING_HEADER = "$(SRCROOT)/calc26/SBCD/sbcd-Bridging-Header.h";
				SWIFT_VERSION = 6.0;
				TARGETED_DEVICE_FAMILY = "1,2";
			};
			name = Release;
		};
		C30A78C82E10EE8700212729 /* Debug */ = {
			isa = XCBuildConfiguration;
			buildSettings = {
				BUNDLE_LOADER = "$(TEST_HOST)";
				CODE_SIGN_STYLE = Automatic;
				CURRENT_PROJECT_VERSION = 1;
				DEVELOPMENT_TEAM = 5C2UYK6F45;
				GENERATE_INFOPLIST_FILE = YES;
				IPHONEOS_DEPLOYMENT_TARGET = 18.4;
				MARKETING_VERSION = 1.0;
				PRODUCT_BUNDLE_IDENTIFIER = com.sanwax.calcroll.Calc26Tests;
				PRODUCT_NAME = "$(TARGET_NAME)";
				SWIFT_EMIT_LOC_STRINGS = NO;
				SWIFT_OBJC_BRIDGING_HEADER = "$(SRCROOT)/calc26/SBCD/sbcd-Bridging-Header.h";
				SWIFT_VERSION = 5.0;
				TARGETED_DEVICE_FAMILY = "1,2";
				TEST_HOST = "$(BUILT_PRODUCTS_DIR)/Calclin.app/$(BUNDLE_EXECUTABLE_FOLDER_PATH)/Calclin";
			};
			name = Debug;
		};
		C30A78C92E10EE8700212729 /* Release */ = {
			isa = XCBuildConfiguration;
			buildSettings = {
				BUNDLE_LOADER = "$(TEST_HOST)";
				CODE_SIGN_STYLE = Automatic;
				CURRENT_PROJECT_VERSION = 1;
				DEVELOPMENT_TEAM = 5C2UYK6F45;
				GENERATE_INFOPLIST_FILE = YES;
				IPHONEOS_DEPLOYMENT_TARGET = 18.4;
				MARKETING_VERSION = 1.0;
				PRODUCT_BUNDLE_IDENTIFIER = com.sanwax.calcroll.Calc26Tests;
				PRODUCT_NAME = "$(TARGET_NAME)";
				SWIFT_EMIT_LOC_STRINGS = NO;
				SWIFT_OBJC_BRIDGING_HEADER = "$(SRCROOT)/calc26/SBCD/sbcd-Bridging-Header.h";
				SWIFT_VERSION = 5.0;
				TARGETED_DEVICE_FAMILY = "1,2";
				TEST_HOST = "$(BUILT_PRODUCTS_DIR)/Calclin.app/$(BUNDLE_EXECUTABLE_FOLDER_PATH)/Calclin";
			};
			name = Release;
		};
		C30A78CB2E10EE8700212729 /* Debug */ = {
			isa = XCBuildConfiguration;
			buildSettings = {
				CODE_SIGN_STYLE = Automatic;
				CURRENT_PROJECT_VERSION = 1;
				DEVELOPMENT_TEAM = 5C2UYK6F45;
				GENERATE_INFOPLIST_FILE = YES;
				MARKETING_VERSION = 1.0;
				PRODUCT_BUNDLE_IDENTIFIER = com.sanwax.calcroll.Calc26UITests;
				PRODUCT_NAME = "$(TARGET_NAME)";
				SWIFT_EMIT_LOC_STRINGS = NO;
				SWIFT_OBJC_BRIDGING_HEADER = "$(SRCROOT)/calc26/SBCD/sbcd-Bridging-Header.h";
				SWIFT_VERSION = 5.0;
				TARGETED_DEVICE_FAMILY = "1,2";
				TEST_TARGET_NAME = Calc26;
			};
			name = Debug;
		};
		C30A78CC2E10EE8700212729 /* Release */ = {
			isa = XCBuildConfiguration;
			buildSettings = {
				CODE_SIGN_STYLE = Automatic;
				CURRENT_PROJECT_VERSION = 1;
				DEVELOPMENT_TEAM = 5C2UYK6F45;
				GENERATE_INFOPLIST_FILE = YES;
				MARKETING_VERSION = 1.0;
				PRODUCT_BUNDLE_IDENTIFIER = com.sanwax.calcroll.Calc26UITests;
				PRODUCT_NAME = "$(TARGET_NAME)";
				SWIFT_EMIT_LOC_STRINGS = NO;
				SWIFT_OBJC_BRIDGING_HEADER = "$(SRCROOT)/calc26/SBCD/sbcd-Bridging-Header.h";
				SWIFT_VERSION = 5.0;
				TARGETED_DEVICE_FAMILY = "1,2";
				TEST_TARGET_NAME = Calc26;
			};
			name = Release;
		};
/* End XCBuildConfiguration section */

/* Begin XCConfigurationList section */
		C30A789E2E10EE8500212729 /* Build configuration list for PBXProject "Calclin" */ = {
			isa = XCConfigurationList;
			buildConfigurations = (
				C30A78C22E10EE8700212729 /* Debug */,
				C30A78C32E10EE8700212729 /* Release */,
			);
			defaultConfigurationIsVisible = 0;
			defaultConfigurationName = Release;
		};
		C30A78C42E10EE8700212729 /* Build configuration list for PBXNativeTarget "Calclin" */ = {
			isa = XCConfigurationList;
			buildConfigurations = (
				C30A78C52E10EE8700212729 /* Debug */,
				C30A78C62E10EE8700212729 /* Release */,
			);
			defaultConfigurationIsVisible = 0;
			defaultConfigurationName = Release;
		};
		C30A78C72E10EE8700212729 /* Build configuration list for PBXNativeTarget "CalclinTests" */ = {
			isa = XCConfigurationList;
			buildConfigurations = (
				C30A78C82E10EE8700212729 /* Debug */,
				C30A78C92E10EE8700212729 /* Release */,
			);
			defaultConfigurationIsVisible = 0;
			defaultConfigurationName = Release;
		};
		C30A78CA2E10EE8700212729 /* Build configuration list for PBXNativeTarget "CalclinUITests" */ = {
			isa = XCConfigurationList;
			buildConfigurations = (
				C30A78CB2E10EE8700212729 /* Debug */,
				C30A78CC2E10EE8700212729 /* Release */,
			);
			defaultConfigurationIsVisible = 0;
			defaultConfigurationName = Release;
		};
/* End XCConfigurationList section */

/* Begin XCRemoteSwiftPackageReference section */
		B9A4F2062F5C1AAB00A1B001 /* XCRemoteSwiftPackageReference "firebase-ios-sdk" */ = {
			isa = XCRemoteSwiftPackageReference;
			repositoryURL = "https://github.com/firebase/firebase-ios-sdk.git";
			requirement = {
				kind = upToNextMajorVersion;
				minimumVersion = 10.24.0;
			};
		};
		C3165E4B2EE6D68A00169223 /* XCRemoteSwiftPackageReference "swift-package-manager-google-mobile-ads" */ = {
			isa = XCRemoteSwiftPackageReference;
			repositoryURL = "https://github.com/googleads/swift-package-manager-google-mobile-ads.git";
			requirement = {
				kind = upToNextMinorVersion;
				minimumVersion = 12.14.0;
			};
		};
/* End XCRemoteSwiftPackageReference section */

/* Begin XCSwiftPackageProductDependency section */
		B9A4F2052F5C1AAB00A1B001 /* FirebaseCrashlytics */ = {
			isa = XCSwiftPackageProductDependency;
			package = B9A4F2062F5C1AAB00A1B001 /* XCRemoteSwiftPackageReference "firebase-ios-sdk" */;
			productName = FirebaseCrashlytics;
		};
		B9A4F2092F5C1ABB00A1B001 /* FirebaseAnalytics */ = {
			isa = XCSwiftPackageProductDependency;
			package = B9A4F2062F5C1AAB00A1B001 /* XCRemoteSwiftPackageReference "firebase-ios-sdk" */;
			productName = FirebaseAnalytics;
		};
		C3165E4C2EE6D6B900169223 /* GoogleMobileAds */ = {
			isa = XCSwiftPackageProductDependency;
			package = C3165E4B2EE6D68A00169223 /* XCRemoteSwiftPackageReference "swift-package-manager-google-mobile-ads" */;
			productName = GoogleMobileAds;
		};
/* End XCSwiftPackageProductDependency section */
	};
	rootObject = C30A789B2E10EE8500212729 /* Project object */;
}
