// !$*UTF8*$!
{
	archiveVersion = 1;
	classes = {
	};
	objectVersion = 77;
	objects = {

/* Begin PBXBuildFile section */
		AC01000000000000000000A1 /* AZDecimal in Frameworks */ = {isa = PBXBuildFile; productRef = AC01000000000000000000A2 /* AZDecimal */; };
		AC01000000000000000000A3 /* AZFormula in Frameworks */ = {isa = PBXBuildFile; productRef = AC01000000000000000000A4 /* AZFormula */; };
		AC01000000000000000000B3 /* AZFormula in Frameworks */ = {isa = PBXBuildFile; productRef = AC01000000000000000000A4 /* AZFormula */; };
		C3165E4D2EE6D6B900169223 /* GoogleMobileAds in Frameworks */ = {isa = PBXBuildFile; productRef = C3165E4C2EE6D6B900169223 /* GoogleMobileAds */; };
		C38A3D1D2FD84C4A00AC7390 /* FirebaseAnalytics in Frameworks */ = {isa = PBXBuildFile; productRef = C38A3D1C2FD84C4A00AC7390 /* FirebaseAnalytics */; };
		C38A3D1F2FD84C4A00AC7390 /* FirebaseCore in Frameworks */ = {isa = PBXBuildFile; productRef = C38A3D1E2FD84C4A00AC7390 /* FirebaseCore */; };
		C38A3D212FD84C4A00AC7390 /* FirebaseCrashlytics in Frameworks */ = {isa = PBXBuildFile; productRef = C38A3D202FD84C4A00AC7390 /* FirebaseCrashlytics */; };
/* End PBXBuildFile section */

/* Begin PBXContainerItemProxy section */
		C30A78B12E10EE8700212729 /* PBXContainerItemProxy */ = {
			isa = PBXContainerItemProxy;
			containerPortal = C30A789B2E10EE8500212729 /* Project object */;
			proxyType = 1;
			remoteGlobalIDString = C30A78A22E10EE8500212729;
			remoteInfo = Calclin;
		};
		C30A78BB2E10EE8700212729 /* PBXContainerItemProxy */ = {
			isa = PBXContainerItemProxy;
			containerPortal = C30A789B2E10EE8500212729 /* Project object */;
			proxyType = 1;
			remoteGlobalIDString = C30A78A22E10EE8500212729;
			remoteInfo = Calclin;
		};
		C356328C300529A500539096 /* PBXContainerItemProxy */ = {
			isa = PBXContainerItemProxy;
			containerPortal = C30A789B2E10EE8500212729 /* Project object */;
			proxyType = 1;
			remoteGlobalIDString = C30A78A22E10EE8500212729;
			remoteInfo = Calclin;
		};
/* End PBXContainerItemProxy section */

/* Begin PBXFileReference section */
		C30A78A32E10EE8500212729 /* Calclin.app */ = {isa = PBXFileReference; explicitFileType = wrapper.application; includeInIndex = 0; path = Calclin.app; sourceTree = BUILT_PRODUCTS_DIR; };
		C30A78B02E10EE8700212729 /* CalclinTests.xctest */ = {isa = PBXFileReference; explicitFileType = wrapper.cfbundle; includeInIndex = 0; path = CalclinTests.xctest; sourceTree = BUILT_PRODUCTS_DIR; };
		C30A78BA2E10EE8700212729 /* CalclinUITests.xctest */ = {isa = PBXFileReference; explicitFileType = wrapper.cfbundle; includeInIndex = 0; path = CalclinUITests.xctest; sourceTree = BUILT_PRODUCTS_DIR; };
		C3563286300529A500539096 /* CalclinSnapshotUITests.xctest */ = {isa = PBXFileReference; explicitFileType = wrapper.cfbundle; includeInIndex = 0; path = CalclinSnapshotUITests.xctest; sourceTree = BUILT_PRODUCTS_DIR; };
		C35633413005C5C300539096 /* Calclin.xctestplan */ = {isa = PBXFileReference; lastKnownFileType = text; path = Calclin.xctestplan; sourceTree = "<group>"; };
/* End PBXFileReference section */

/* Begin PBXFileSystemSynchronizedBuildFileExceptionSet section */
		C3308B272E2F3F34009ED6D6 /* Exceptions for "Calclin" folder in "Calclin" target */ = {
			isa = PBXFileSystemSynchronizedBuildFileExceptionSet;
			membershipExceptions = (
				"/Localized: Resources/InfoPlist.strings",
				App/AppAnalytics.swift,
				App/AppMain.swift,
				App/Config.swift,
				App/ContentView.swift,
				App/Log.swift,
				App/Manager.swift,
				App/PopupView.swift,
				CalcView/CalcRollView.swift,
				CalcView/CalcShareHelper.swift,
				CalcView/CalcStateCodable.swift,
				CalcView/CalcView.swift,
				CalcView/CalcViewModel.swift,
				CalcView/FormulaView.swift,
				CalcView/HistoryView.swift,
				KeyboardView/initKeyboard.json,
				KeyboardView/KeyboardLayoutActionsView.swift,
				KeyboardView/KeyboardView.swift,
				KeyboardView/KeyboardViewModel.swift,
				KeyboardView/KeyDefinition.json,
				PrivacyInfo.xcprivacy,
				Resources/Assets.xcassets,
				"Resources/GoogleService-Info.plist",
				Resources/Localizable.xcstrings,
				SettingView/AdMobViews.swift,
				SettingView/SettingView.swift,
				SettingView/SettingViewModel.swift,
				SettingView/TipStore.swift,
			);
			target = C30A78A22E10EE8500212729 /* Calclin */;
		};
/* End PBXFileSystemSynchronizedBuildFileExceptionSet section */

/* Begin PBXFileSystemSynchronizedRootGroup section */
		C30A78B32E10EE8700212729 /* CalclinTests */ = {
			isa = PBXFileSystemSynchronizedRootGroup;
			path = CalclinTests;
			sourceTree = "<group>";
		};
		C30A78BD2E10EE8700212729 /* CalclinUITests */ = {
			isa = PBXFileSystemSynchronizedRootGroup;
			path = CalclinUITests;
			sourceTree = "<group>";
		};
		C3308AFD2E2F3F34009ED6D6 /* Calclin */ = {
			isa = PBXFileSystemSynchronizedRootGroup;
			exceptions = (
				C3308B272E2F3F34009ED6D6 /* Exceptions for "Calclin" folder in "Calclin" target */,
			);
			path = Calclin;
			sourceTree = "<group>";
		};
		C3563287300529A500539096 /* CalclinSnapshotUITests */ = {
			isa = PBXFileSystemSynchronizedRootGroup;
			path = CalclinSnapshotUITests;
			sourceTree = "<group>";
		};
/* End PBXFileSystemSynchronizedRootGroup section */

/* Begin PBXFrameworksBuildPhase section */
		C30A78A02E10EE8500212729 /* Frameworks */ = {
			isa = PBXFrameworksBuildPhase;
			buildActionMask = 2147483647;
			files = (
				AC01000000000000000000A1 /* AZDecimal in Frameworks */,
				C38A3D1F2FD84C4A00AC7390 /* FirebaseCore in Frameworks */,
				AC01000000000000000000A3 /* AZFormula in Frameworks */,
				C38A3D212FD84C4A00AC7390 /* FirebaseCrashlytics in Frameworks */,
				C38A3D1D2FD84C4A00AC7390 /* FirebaseAnalytics in Frameworks */,
				C3165E4D2EE6D6B900169223 /* GoogleMobileAds in Frameworks */,
			);
			runOnlyForDeploymentPostprocessing = 0;
		};
		C30A78AD2E10EE8700212729 /* Frameworks */ = {
			isa = PBXFrameworksBuildPhase;
			buildActionMask = 2147483647;
			files = (
				AC01000000000000000000B3 /* AZFormula in Frameworks */,
			);
			runOnlyForDeploymentPostprocessing = 0;
		};
		C30A78B72E10EE8700212729 /* Frameworks */ = {
			isa = PBXFrameworksBuildPhase;
			buildActionMask = 2147483647;
			files = (
			);
			runOnlyForDeploymentPostprocessing = 0;
		};
		C3563283300529A500539096 /* Frameworks */ = {
			isa = PBXFrameworksBuildPhase;
			buildActionMask = 2147483647;
			files = (
			);
			runOnlyForDeploymentPostprocessing = 0;
		};
/* End PBXFrameworksBuildPhase section */

/* Begin PBXGroup section */
		C30A789A2E10EE8500212729 = {
			isa = PBXGroup;
			children = (
				C35633413005C5C300539096 /* Calclin.xctestplan */,
				C3308AFD2E2F3F34009ED6D6 /* Calclin */,
				C30A78B32E10EE8700212729 /* CalclinTests */,
				C30A78BD2E10EE8700212729 /* CalclinUITests */,
				C3563287300529A500539096 /* CalclinSnapshotUITests */,
				C3165E4A2EE6D5B800169223 /* Frameworks */,
				C30A78A42E10EE8500212729 /* Products */,
			);
			sourceTree = "<group>";
		};
		C30A78A42E10EE8500212729 /* Products */ = {
			isa = PBXGroup;
			children = (
				C30A78A32E10EE8500212729 /* Calclin.app */,
				C30A78B02E10EE8700212729 /* CalclinTests.xctest */,
				C30A78BA2E10EE8700212729 /* CalclinUITests.xctest */,
				C3563286300529A500539096 /* CalclinSnapshotUITests.xctest */,
			);
			name = Products;
			sourceTree = "<group>";
		};
		C3165E4A2EE6D5B800169223 /* Frameworks */ = {
			isa = PBXGroup;
			children = (
			);
			name = Frameworks;
			sourceTree = "<group>";
		};
/* End PBXGroup section */

/* Begin PBXNativeTarget section */
		C30A78A22E10EE8500212729 /* Calclin */ = {
			isa = PBXNativeTarget;
			buildConfigurationList = C30A78C42E10EE8700212729 /* Build configuration list for PBXNativeTarget "Calclin" */;
			buildPhases = (
				C30A78A12E10EE8500212729 /* Resources */,
				C30A789F2E10EE8500212729 /* Sources */,
				C30A78A02E10EE8500212729 /* Frameworks */,
			);
			buildRules = (
			);
			dependencies = (
			);
			name = Calclin;
			packageProductDependencies = (
				AC01000000000000000000A2 /* AZDecimal */,
				AC01000000000000000000A4 /* AZFormula */,
				C3165E4C2EE6D6B900169223 /* GoogleMobileAds */,
				C38A3D1C2FD84C4A00AC7390 /* FirebaseAnalytics */,
				C38A3D1E2FD84C4A00AC7390 /* FirebaseCore */,
				C38A3D202FD84C4A00AC7390 /* FirebaseCrashlytics */,
			);
			productName = Calclin;
			productReference = C30A78A32E10EE8500212729 /* Calclin.app */;
			productType = "com.apple.product-type.application";
		};
		C30A78AF2E10EE8700212729 /* CalclinTests */ = {
			isa = PBXNativeTarget;
			buildConfigurationList = C30A78C72E10EE8700212729 /* Build configuration list for PBXNativeTarget "CalclinTests" */;
			buildPhases = (
				C30A78AC2E10EE8700212729 /* Sources */,
				C30A78AD2E10EE8700212729 /* Frameworks */,
				C30A78AE2E10EE8700212729 /* Resources */,
			);
			buildRules = (
			);
			dependencies = (
				C30A78B22E10EE8700212729 /* PBXTargetDependency */,
			);
			fileSystemSynchronizedGroups = (
				C30A78B32E10EE8700212729 /* CalclinTests */,
			);
			name = CalclinTests;
			packageProductDependencies = (
				AC01000000000000000000A4 /* AZFormula */,
			);
			productName = CalclinTests;
			productReference = C30A78B02E10EE8700212729 /* CalclinTests.xctest */;
			productType = "com.apple.product-type.bundle.unit-test";
		};
		C30A78B92E10EE8700212729 /* CalclinUITests */ = {
			isa = PBXNativeTarget;
			buildConfigurationList = C30A78CA2E10EE8700212729 /* Build configuration list for PBXNativeTarget "CalclinUITests" */;
			buildPhases = (
				C30A78B62E10EE8700212729 /* Sources */,
				C30A78B72E10EE8700212729 /* Frameworks */,
				C30A78B82E10EE8700212729 /* Resources */,
			);
			buildRules = (
			);
			dependencies = (
				C30A78BC2E10EE8700212729 /* PBXTargetDependency */,
			);
			fileSystemSynchronizedGroups = (
				C30A78BD2E10EE8700212729 /* CalclinUITests */,
			);
			name = CalclinUITests;
			packageProductDependencies = (
			);
			productName = CalclinUITests;
			productReference = C30A78BA2E10EE8700212729 /* CalclinUITests.xctest */;
			productType = "com.apple.product-type.bundle.ui-testing";
		};
		C3563285300529A500539096 /* CalclinSnapshotUITests */ = {
			isa = PBXNativeTarget;
			buildConfigurationList = C356328E300529A500539096 /* Build configuration list for PBXNativeTarget "CalclinSnapshotUITests" */;
			buildPhases = (
				C3563282300529A500539096 /* Sources */,
				C3563283300529A500539096 /* Frameworks */,
				C3563284300529A500539096 /* Resources */,
			);
			buildRules = (
			);
			dependencies = (
				C356328D300529A500539096 /* PBXTargetDependency */,
			);
			fileSystemSynchronizedGroups = (
				C3563287300529A500539096 /* CalclinSnapshotUITests */,
			);
			name = CalclinSnapshotUITests;
			packageProductDependencies = (
			);
			productName = CalclinSnapshotUITests;
			productReference = C3563286300529A500539096 /* CalclinSnapshotUITests.xctest */;
			productType = "com.apple.product-type.bundle.ui-testing";
		};
/* End PBXNativeTarget section */

/* Begin PBXProject section */
		C30A789B2E10EE8500212729 /* Project object */ = {
			isa = PBXProject;
			attributes = {
				BuildIndependentTargetsInParallel = 1;
				LastSwiftUpdateCheck = 2650;
				LastUpgradeCheck = 2610;
				TargetAttributes = {
					C30A78A22E10EE8500212729 = {
						CreatedOnToolsVersion = 16.3;
					};
					C30A78AF2E10EE8700212729 = {
						CreatedOnToolsVersion = 16.3;
						TestTargetID = C30A78A22E10EE8500212729;
					};
					C30A78B92E10EE8700212729 = {
						CreatedOnToolsVersion = 16.3;
						TestTargetID = C30A78A22E10EE8500212729;
					};
					C3563285300529A500539096 = {
						CreatedOnToolsVersion = 26.5;
						LastSwiftMigration = 2650;
						TestTargetID = C30A78A22E10EE8500212729;
					};
				};
			};
			buildConfigurationList = C30A789E2E10EE8500212729 /* Build configuration list for PBXProject "Calclin" */;
			developmentRegion = en;
			hasScannedForEncodings = 0;
			knownRegions = (
				en,
				ja,
				Base,
			);
			mainGroup = C30A789A2E10EE8500212729;
			minimizedProjectReferenceProxies = 1;
			packageReferences = (
				AC01000000000000000000A5 /* XCRemoteSwiftPackageReference "AZCalc" */,
				C3165E4B2EE6D68A00169223 /* XCRemoteSwiftPackageReference "swift-package-manager-google-mobile-ads" */,
				C38A3D1B2FD84C4A00AC7390 /* XCRemoteSwiftPackageReference "firebase-ios-sdk" */,
			);
			preferredProjectObjectVersion = 77;
			productRefGroup = C30A78A42E10EE8500212729 /* Products */;
			projectDirPath = "";
			projectRoot = "";
			targets = (
				C30A78A22E10EE8500212729 /* Calclin */,
				C30A78AF2E10EE8700212729 /* CalclinTests */,
				C30A78B92E10EE8700212729 /* CalclinUITests */,
				C3563285300529A500539096 /* CalclinSnapshotUITests */,
			);
		};
/* End PBXProject section */

/* Begin PBXResourcesBuildPhase section */
		C30A78A12E10EE8500212729 /* Resources */ = {
			isa = PBXResourcesBuildPhase;
			buildActionMask = 2147483647;
			files = (
			);
			runOnlyForDeploymentPostprocessing = 0;
		};
		C30A78AE2E10EE8700212729 /* Resources */ = {
			isa = PBXResourcesBuildPhase;
			buildActionMask = 2147483647;
			files = (
			);
			runOnlyForDeploymentPostprocessing = 0;
		};
		C30A78B82E10EE8700212729 /* Resources */ = {
			isa = PBXResourcesBuildPhase;
			buildActionMask = 2147483647;
			files = (
			);
			runOnlyForDeploymentPostprocessing = 0;
		};
		C3563284300529A500539096 /* Resources */ = {
			isa = PBXResourcesBuildPhase;
			buildActionMask = 2147483647;
			files = (
			);
			runOnlyForDeploymentPostprocessing = 0;
		};
/* End PBXResourcesBuildPhase section */

/* Begin PBXSourcesBuildPhase section */
		C30A789F2E10EE8500212729 /* Sources */ = {
			isa = PBXSourcesBuildPhase;
			buildActionMask = 2147483647;
			files = (
			);
			runOnlyForDeploymentPostprocessing = 0;
		};
		C30A78AC2E10EE8700212729 /* Sources */ = {
			isa = PBXSourcesBuildPhase;
			buildActionMask = 2147483647;
			files = (
			);
			runOnlyForDeploymentPostprocessing = 0;
		};
		C30A78B62E10EE8700212729 /* Sources */ = {
			isa = PBXSourcesBuildPhase;
			buildActionMask = 2147483647;
			files = (
			);
			runOnlyForDeploymentPostprocessing = 0;
		};
		C3563282300529A500539096 /* Sources */ = {
			isa = PBXSourcesBuildPhase;
			buildActionMask = 2147483647;
			files = (
			);
			runOnlyForDeploymentPostprocessing = 0;
		};
/* End PBXSourcesBuildPhase section */

/* Begin PBXTargetDependency section */
		C30A78B22E10EE8700212729 /* PBXTargetDependency */ = {
			isa = PBXTargetDependency;
			target = C30A78A22E10EE8500212729 /* Calclin */;
			targetProxy = C30A78B12E10EE8700212729 /* PBXContainerItemProxy */;
		};
		C30A78BC2E10EE8700212729 /* PBXTargetDependency */ = {
			isa = PBXTargetDependency;
			target = C30A78A22E10EE8500212729 /* Calclin */;
			targetProxy = C30A78BB2E10EE8700212729 /* PBXContainerItemProxy */;
		};
		C356328D300529A500539096 /* PBXTargetDependency */ = {
			isa = PBXTargetDependency;
			target = C30A78A22E10EE8500212729 /* Calclin */;
			targetProxy = C356328C300529A500539096 /* PBXContainerItemProxy */;
		};
/* End PBXTargetDependency section */

/* Begin XCBuildConfiguration section */
		C30A78C22E10EE8700212729 /* Debug */ = {
			isa = XCBuildConfiguration;
			buildSettings = {
				ALWAYS_SEARCH_USER_PATHS = NO;
				ASSETCATALOG_COMPILER_GENERATE_SWIFT_ASSET_SYMBOL_EXTENSIONS = YES;
				CLANG_ANALYZER_LOCALIZABILITY_NONLOCALIZED = YES;
				CLANG_ANALYZER_NONNULL = YES;
				CLANG_ANALYZER_NUMBER_OBJECT_CONVERSION = YES_AGGRESSIVE;
				CLANG_CXX_LANGUAGE_STANDARD = "gnu++20";
				CLANG_ENABLE_MODULES = YES;
				CLANG_ENABLE_OBJC_ARC = YES;
				CLANG_ENABLE_OBJC_WEAK = YES;
				CLANG_WARN_BLOCK_CAPTURE_AUTORELEASING = YES;
				CLANG_WARN_BOOL_CONVERSION = YES;
				CLANG_WARN_COMMA = YES;
				CLANG_WARN_CONSTANT_CONVERSION = YES;
				CLANG_WARN_DEPRECATED_OBJC_IMPLEMENTATIONS = YES;
				CLANG_WARN_DIRECT_OBJC_ISA_USAGE = YES_ERROR;
				CLANG_WARN_DOCUMENTATION_COMMENTS = YES;
				CLANG_WARN_EMPTY_BODY = YES;
				CLANG_WARN_ENUM_CONVERSION = YES;
				CLANG_WARN_INFINITE_RECURSION = YES;
				CLANG_WARN_INT_CONVERSION = YES;
				CLANG_WARN_NON_LITERAL_NULL_CONVERSION = YES;
				CLANG_WARN_OBJC_IMPLICIT_RETAIN_SELF = YES;
				CLANG_WARN_OBJC_LITERAL_CONVERSION = YES;
				CLANG_WARN_OBJC_ROOT_CLASS = YES_ERROR;
				CLANG_WARN_QUOTED_INCLUDE_IN_FRAMEWORK_HEADER = YES;
				CLANG_WARN_RANGE_LOOP_ANALYSIS = YES;
				CLANG_WARN_STRICT_PROTOTYPES = YES;
				CLANG_WARN_SUSPICIOUS_MOVE = YES;
				CLANG_WARN_UNGUARDED_AVAILABILITY = YES_AGGRESSIVE;
				CLANG_WARN_UNREACHABLE_CODE = YES;
				CLANG_WARN__DUPLICATE_METHOD_MATCH = YES;
				COPY_PHASE_STRIP = NO;
				DEBUG_INFORMATION_FORMAT = dwarf;
				DEVELOPMENT_TEAM = 5C2UYK6F45;
				ENABLE_STRICT_OBJC_MSGSEND = YES;
				ENABLE_TESTABILITY = YES;
				ENABLE_USER_SCRIPT_SANDBOXING = YES;
				GCC_C_LANGUAGE_STANDARD = gnu17;
				GCC_DYNAMIC_NO_PIC = NO;
				GCC_NO_COMMON_BLOCKS = YES;
				GCC_OPTIMIZATION_LEVEL = 0;
				GCC_PREPROCESSOR_DEFINITIONS = (
					"DEBUG=1",
					"$(inherited)",
				);
				GCC_WARN_64_TO_32_BIT_CONVERSION = YES;
				GCC_WARN_ABOUT_RETURN_TYPE = YES_ERROR;
				GCC_WARN_UNDECLARED_SELECTOR = YES;
				GCC_WARN_UNINITIALIZED_AUTOS = YES_AGGRESSIVE;
				GCC_WARN_UNUSED_FUNCTION = YES;
				GCC_WARN_UNUSED_VARIABLE = YES;
				IPHONEOS_DEPLOYMENT_TARGET = 18.4;
				LOCALIZATION_PREFERS_STRING_CATALOGS = YES;
				MTL_ENABLE_DEBUG_INFO = INCLUDE_SOURCE;
				MTL_FAST_MATH = YES;
				ONLY_ACTIVE_ARCH = YES;
				SDKROOT = iphoneos;
				STRING_CATALOG_GENERATE_SYMBOLS = YES;
				SWIFT_ACTIVE_COMPILATION_CONDITIONS = "DEBUG $(inherited)";
				SWIFT_EMIT_LOC_STRINGS = YES;
				SWIFT_OPTIMIZATION_LEVEL = "-Onone";
			};
			name = Debug;
		};
		C30A78C32E10EE8700212729 /* Release */ = {
			isa = XCBuildConfiguration;
			buildSettings = {
				ALWAYS_SEARCH_USER_PATHS = NO;
				ASSETCATALOG_COMPILER_GENERATE_SWIFT_ASSET_SYMBOL_EXTENSIONS = YES;
				CLANG_ANALYZER_LOCALIZABILITY_NONLOCALIZED = YES;
				CLANG_ANALYZER_NONNULL = YES;
				CLANG_ANALYZER_NUMBER_OBJECT_CONVERSION = YES_AGGRESSIVE;
				CLANG_CXX_LANGUAGE_STANDARD = "gnu++20";
				CLANG_ENABLE_MODULES = YES;
				CLANG_ENABLE_OBJC_ARC = YES;
				CLANG_ENABLE_OBJC_WEAK = YES;
				CLANG_WARN_BLOCK_CAPTURE_AUTORELEASING = YES;
				CLANG_WARN_BOOL_CONVERSION = YES;
				CLANG_WARN_COMMA = YES;
				CLANG_WARN_CONSTANT_CONVERSION = YES;
				CLANG_WARN_DEPRECATED_OBJC_IMPLEMENTATIONS = YES;
				CLANG_WARN_DIRECT_OBJC_ISA_USAGE = YES_ERROR;
				CLANG_WARN_DOCUMENTATION_COMMENTS = YES;
				CLANG_WARN_EMPTY_BODY = YES;
				CLANG_WARN_ENUM_CONVERSION = YES;
				CLANG_WARN_INFINITE_RECURSION = YES;
				CLANG_WARN_INT_CONVERSION = YES;
				CLANG_WARN_NON_LITERAL_NULL_CONVERSION = YES;
				CLANG_WARN_OBJC_IMPLICIT_RETAIN_SELF = YES;
				CLANG_WARN_OBJC_LITERAL_CONVERSION = YES;
				CLANG_WARN_OBJC_ROOT_CLASS = YES_ERROR;
				CLANG_WARN_QUOTED_INCLUDE_IN_FRAMEWORK_HEADER = YES;
				CLANG_WARN_RANGE_LOOP_ANALYSIS = YES;
				CLANG_WARN_STRICT_PROTOTYPES = YES;
				CLANG_WARN_SUSPICIOUS_MOVE = YES;
				CLANG_WARN_UNGUARDED_AVAILABILITY = YES_AGGRESSIVE;
				CLANG_WARN_UNREACHABLE_CODE = YES;
				CLANG_WARN__DUPLICATE_METHOD_MATCH = YES;
				COPY_PHASE_STRIP = NO;
				DEBUG_INFORMATION_FORMAT = "dwarf-with-dsym";
				DEVELOPMENT_TEAM = 5C2UYK6F45;
				ENABLE_NS_ASSERTIONS = NO;
				ENABLE_STRICT_OBJC_MSGSEND = YES;
				ENABLE_USER_SCRIPT_SANDBOXING = YES;
				GCC_C_LANGUAGE_STANDARD = gnu17;
				GCC_NO_COMMON_BLOCKS = YES;
				GCC_WARN_64_TO_32_BIT_CONVERSION = YES;
				GCC_WARN_ABOUT_RETURN_TYPE = YES_ERROR;
				GCC_WARN_UNDECLARED_SELECTOR = YES;
				GCC_WARN_UNINITIALIZED_AUTOS = YES_AGGRESSIVE;
				GCC_WARN_UNUSED_FUNCTION = YES;
				GCC_WARN_UNUSED_VARIABLE = YES;
				IPHONEOS_DEPLOYMENT_TARGET = 18.4;
				LOCALIZATION_PREFERS_STRING_CATALOGS = YES;
				MTL_ENABLE_DEBUG_INFO = NO;
				MTL_FAST_MATH = YES;
				SDKROOT = iphoneos;
				STRING_CATALOG_GENERATE_SYMBOLS = YES;
				SWIFT_COMPILATION_MODE = wholemodule;
				SWIFT_EMIT_LOC_STRINGS = YES;
				VALIDATE_PRODUCT = YES;
			};
			name = Release;
		};
		C30A78C52E10EE8700212729 /* Debug */ = {
			isa = XCBuildConfiguration;
			buildSettings = {
				ASSETCATALOG_COMPILER_APPICON_NAME = AppIcon;
				ASSETCATALOG_COMPILER_GLOBAL_ACCENT_COLOR_NAME = AccentColor;
				CODE_SIGN_IDENTITY = "Apple Development";
				CODE_SIGN_STYLE = Automatic;
				CURRENT_PROJECT_VERSION = 1;
				DEVELOPMENT_TEAM = 5C2UYK6F45;
				ENABLE_PREVIEWS = YES;
				GENERATE_INFOPLIST_FILE = YES;
				INFOPLIST_FILE = Calclin/Info.plist;
				INFOPLIST_KEY_CFBundleDisplayName = Calclin;
				INFOPLIST_KEY_ITSAppUsesNonExemptEncryption = NO;
				INFOPLIST_KEY_LSApplicationCategoryType = "public.app-category.utilities";
				INFOPLIST_KEY_UIApplicationSceneManifest_Generation = YES;
				INFOPLIST_KEY_UIApplicationSupportsIndirectInputEvents = YES;
				INFOPLIST_KEY_UILaunchScreen_Generation = YES;
				INFOPLIST_KEY_UIStatusBarStyle = "";
				INFOPLIST_KEY_UISupportedInterfaceOrientations = "UIInterfaceOrientationPortrait UIInterfaceOrientationPortraitUpsideDown";
				INFOPLIST_KEY_UISupportedInterfaceOrientations_iPad = "UIInterfaceOrientationLandscapeLeft UIInterfaceOrientationLandscapeRight UIInterfaceOrientationPortrait UIInterfaceOrientationPortraitUpsideDown";
				IPHONEOS_DEPLOYMENT_TARGET = 18.0;
				LD_RUNPATH_SEARCH_PATHS = (
					"$(inherited)",
					"@executable_path/Frameworks",
				);
				MARKETING_VERSION = 2.3.2;
				PRODUCT_BUNDLE_IDENTIFIER = com.azukid.AzukiSoft.AzCalc;
				PRODUCT_NAME = "$(TARGET_NAME)";
				PROVISIONING_PROFILE_SPECIFIER = "";
				SUPPORTED_PLATFORMS = "iphoneos iphonesimulator";
				SUPPORTS_MACCATALYST = NO;
				SUPPORTS_MAC_DESIGNED_FOR_IPHONE_IPAD = NO;
				SUPPORTS_XR_DESIGNED_FOR_IPHONE_IPAD = NO;
				SWIFT_EMIT_LOC_STRINGS = YES;
				SWIFT_VERSION = 6.0;
				TARGETED_DEVICE_FAMILY = "1,2";
			};
			name = Debug;
		};
		C30A78C62E10EE8700212729 /* Release */ = {
			isa = XCBuildConfiguration;
			buildSettings = {
				ASSETCATALOG_COMPILER_APPICON_NAME = AppIcon;
				ASSETCATALOG_COMPILER_GLOBAL_ACCENT_COLOR_NAME = AccentColor;
				CODE_SIGN_IDENTITY = "Apple Development";
				CODE_SIGN_STYLE = Automatic;
				CURRENT_PROJECT_VERSION = 1;
				DEVELOPMENT_TEAM = 5C2UYK6F45;
				ENABLE_PREVIEWS = YES;
				GENERATE_INFOPLIST_FILE = YES;
				INFOPLIST_FILE = Calclin/Info.plist;
				INFOPLIST_KEY_CFBundleDisplayName = Calclin;
				INFOPLIST_KEY_ITSAppUsesNonExemptEncryption = NO;
				INFOPLIST_KEY_LSApplicationCategoryType = "public.app-category.utilities";
				INFOPLIST_KEY_UIApplicationSceneManifest_Generation = YES;
				INFOPLIST_KEY_UIApplicationSupportsIndirectInputEvents = YES;
				INFOPLIST_KEY_UILaunchScreen_Generation = YES;
				INFOPLIST_KEY_UIStatusBarStyle = "";
				INFOPLIST_KEY_UISupportedInterfaceOrientations = "UIInterfaceOrientationPortrait UIInterfaceOrientationPortraitUpsideDown";
				INFOPLIST_KEY_UISupportedInterfaceOrientations_iPad = "UIInterfaceOrientationLandscapeLeft UIInterfaceOrientationLandscapeRight UIInterfaceOrientationPortrait UIInterfaceOrientationPortraitUpsideDown";
				IPHONEOS_DEPLOYMENT_TARGET = 18.0;
				LD_RUNPATH_SEARCH_PATHS = (
					"$(inherited)",
					"@executable_path/Frameworks",
				);
				MARKETING_VERSION = 2.3.2;
				PRODUCT_BUNDLE_IDENTIFIER = com.azukid.AzukiSoft.AzCalc;
				PRODUCT_NAME = "$(TARGET_NAME)";
				PROVISIONING_PROFILE_SPECIFIER = "";
				SUPPORTED_PLATFORMS = "iphoneos iphonesimulator";
				SUPPORTS_MACCATALYST = NO;
				SUPPORTS_MAC_DESIGNED_FOR_IPHONE_IPAD = NO;
				SUPPORTS_XR_DESIGNED_FOR_IPHONE_IPAD = NO;
				SWIFT_EMIT_LOC_STRINGS = YES;
				SWIFT_VERSION = 6.0;
				TARGETED_DEVICE_FAMILY = "1,2";
			};
			name = Release;
		};
		C30A78C82E10EE8700212729 /* Debug */ = {
			isa = XCBuildConfiguration;
			buildSettings = {
				BUNDLE_LOADER = "$(TEST_HOST)";
				CODE_SIGN_STYLE = Automatic;
				CURRENT_PROJECT_VERSION = 1;
				DEVELOPMENT_TEAM = 5C2UYK6F45;
				GENERATE_INFOPLIST_FILE = YES;
				IPHONEOS_DEPLOYMENT_TARGET = 18.4;
				MARKETING_VERSION = 1.0;
				PRODUCT_BUNDLE_IDENTIFIER = com.sanwax.calcroll.Calc26Tests;
				PRODUCT_NAME = "$(TARGET_NAME)";
				SWIFT_EMIT_LOC_STRINGS = NO;
				SWIFT_VERSION = 5.0;
				TARGETED_DEVICE_FAMILY = "1,2";
				TEST_HOST = "$(BUILT_PRODUCTS_DIR)/Calclin.app/$(BUNDLE_EXECUTABLE_FOLDER_PATH)/Calclin";
			};
			name = Debug;
		};
		C30A78C92E10EE8700212729 /* Release */ = {
			isa = XCBuildConfiguration;
			buildSettings = {
				BUNDLE_LOADER = "$(TEST_HOST)";
				CODE_SIGN_STYLE = Automatic;
				CURRENT_PROJECT_VERSION = 1;
				DEVELOPMENT_TEAM = 5C2UYK6F45;
				GENERATE_INFOPLIST_FILE = YES;
				IPHONEOS_DEPLOYMENT_TARGET = 18.4;
				MARKETING_VERSION = 1.0;
				PRODUCT_BUNDLE_IDENTIFIER = com.sanwax.calcroll.Calc26Tests;
				PRODUCT_NAME = "$(TARGET_NAME)";
				SWIFT_EMIT_LOC_STRINGS = NO;
				SWIFT_VERSION = 5.0;
				TARGETED_DEVICE_FAMILY = "1,2";
				TEST_HOST = "$(BUILT_PRODUCTS_DIR)/Calclin.app/$(BUNDLE_EXECUTABLE_FOLDER_PATH)/Calclin";
			};
			name = Release;
		};
		C30A78CB2E10EE8700212729 /* Debug */ = {
			isa = XCBuildConfiguration;
			buildSettings = {
				CODE_SIGN_STYLE = Automatic;
				CURRENT_PROJECT_VERSION = 1;
				DEVELOPMENT_TEAM = 5C2UYK6F45;
				GENERATE_INFOPLIST_FILE = YES;
				MARKETING_VERSION = 1.0;
				PRODUCT_BUNDLE_IDENTIFIER = com.sanwax.calcroll.Calc26UITests;
				PRODUCT_NAME = "$(TARGET_NAME)";
				SWIFT_EMIT_LOC_STRINGS = NO;
				SWIFT_VERSION = 5.0;
				TARGETED_DEVICE_FAMILY = "1,2";
				TEST_TARGET_NAME = Calclin;
			};
			name = Debug;
		};
		C30A78CC2E10EE8700212729 /* Release */ = {
			isa = XCBuildConfiguration;
			buildSettings = {
				CODE_SIGN_STYLE = Automatic;
				CURRENT_PROJECT_VERSION = 1;
				DEVELOPMENT_TEAM = 5C2UYK6F45;
				GENERATE_INFOPLIST_FILE = YES;
				MARKETING_VERSION = 1.0;
				PRODUCT_BUNDLE_IDENTIFIER = com.sanwax.calcroll.Calc26UITests;
				PRODUCT_NAME = "$(TARGET_NAME)";
				SWIFT_EMIT_LOC_STRINGS = NO;
				SWIFT_VERSION = 5.0;
				TARGETED_DEVICE_FAMILY = "1,2";
				TEST_TARGET_NAME = Calclin;
			};
			name = Release;
		};
		C356328F300529A500539096 /* Debug */ = {
			isa = XCBuildConfiguration;
			buildSettings = {
				CLANG_ENABLE_MODULES = YES;
				CODE_SIGN_STYLE = Automatic;
				CURRENT_PROJECT_VERSION = 1;
				DEVELOPMENT_TEAM = 5C2UYK6F45;
				GENERATE_INFOPLIST_FILE = YES;
				IPHONEOS_DEPLOYMENT_TARGET = 26.5;
				MARKETING_VERSION = 1.0;
				PRODUCT_BUNDLE_IDENTIFIER = com.azukid.sumpo.CalclinSnapshotUITests;
				PRODUCT_NAME = "$(TARGET_NAME)";
				STRING_CATALOG_GENERATE_SYMBOLS = NO;
				SWIFT_APPROACHABLE_CONCURRENCY = YES;
				SWIFT_EMIT_LOC_STRINGS = NO;
				SWIFT_OPTIMIZATION_LEVEL = "-Onone";
				SWIFT_UPCOMING_FEATURE_MEMBER_IMPORT_VISIBILITY = YES;
				SWIFT_VERSION = 5.0;
				TARGETED_DEVICE_FAMILY = "1,2";
				TEST_TARGET_NAME = Calclin;
			};
			name = Debug;
		};
		C3563290300529A500539096 /* Release */ = {
			isa = XCBuildConfiguration;
			buildSettings = {
				CLANG_ENABLE_MODULES = YES;
				CODE_SIGN_STYLE = Automatic;
				CURRENT_PROJECT_VERSION = 1;
				DEVELOPMENT_TEAM = 5C2UYK6F45;
				GENERATE_INFOPLIST_FILE = YES;
				IPHONEOS_DEPLOYMENT_TARGET = 26.5;
				MARKETING_VERSION = 1.0;
				PRODUCT_BUNDLE_IDENTIFIER = com.azukid.sumpo.CalclinSnapshotUITests;
				PRODUCT_NAME = "$(TARGET_NAME)";
				STRING_CATALOG_GENERATE_SYMBOLS = NO;
				SWIFT_APPROACHABLE_CONCURRENCY = YES;
				SWIFT_EMIT_LOC_STRINGS = NO;
				SWIFT_UPCOMING_FEATURE_MEMBER_IMPORT_VISIBILITY = YES;
				SWIFT_VERSION = 5.0;
				TARGETED_DEVICE_FAMILY = "1,2";
				TEST_TARGET_NAME = Calclin;
			};
			name = Release;
		};
/* End XCBuildConfiguration section */

/* Begin XCConfigurationList section */
		C30A789E2E10EE8500212729 /* Build configuration list for PBXProject "Calclin" */ = {
			isa = XCConfigurationList;
			buildConfigurations = (
				C30A78C22E10EE8700212729 /* Debug */,
				C30A78C32E10EE8700212729 /* Release */,
			);
			defaultConfigurationIsVisible = 0;
			defaultConfigurationName = Release;
		};
		C30A78C42E10EE8700212729 /* Build configuration list for PBXNativeTarget "Calclin" */ = {
			isa = XCConfigurationList;
			buildConfigurations = (
				C30A78C52E10EE8700212729 /* Debug */,
				C30A78C62E10EE8700212729 /* Release */,
			);
			defaultConfigurationIsVisible = 0;
			defaultConfigurationName = Release;
		};
		C30A78C72E10EE8700212729 /* Build configuration list for PBXNativeTarget "CalclinTests" */ = {
			isa = XCConfigurationList;
			buildConfigurations = (
				C30A78C82E10EE8700212729 /* Debug */,
				C30A78C92E10EE8700212729 /* Release */,
			);
			defaultConfigurationIsVisible = 0;
			defaultConfigurationName = Release;
		};
		C30A78CA2E10EE8700212729 /* Build configuration list for PBXNativeTarget "CalclinUITests" */ = {
			isa = XCConfigurationList;
			buildConfigurations = (
				C30A78CB2E10EE8700212729 /* Debug */,
				C30A78CC2E10EE8700212729 /* Release */,
			);
			defaultConfigurationIsVisible = 0;
			defaultConfigurationName = Release;
		};
		C356328E300529A500539096 /* Build configuration list for PBXNativeTarget "CalclinSnapshotUITests" */ = {
			isa = XCConfigurationList;
			buildConfigurations = (
				C356328F300529A500539096 /* Debug */,
				C3563290300529A500539096 /* Release */,
			);
			defaultConfigurationIsVisible = 0;
			defaultConfigurationName = Release;
		};
/* End XCConfigurationList section */

/* Begin XCRemoteSwiftPackageReference section */
		AC01000000000000000000A5 /* XCRemoteSwiftPackageReference "AZCalc" */ = {
			isa = XCRemoteSwiftPackageReference;
			repositoryURL = "https://github.com/SumPositive/AZCalc";
			requirement = {
				kind = exactVersion;
				version = 2.0.0;
			};
		};
		C3165E4B2EE6D68A00169223 /* XCRemoteSwiftPackageReference "swift-package-manager-google-mobile-ads" */ = {
			isa = XCRemoteSwiftPackageReference;
			repositoryURL = "https://github.com/googleads/swift-package-manager-google-mobile-ads.git";
			requirement = {
				kind = upToNextMajorVersion;
				minimumVersion = 12.14.0;
			};
		};
		C38A3D1B2FD84C4A00AC7390 /* XCRemoteSwiftPackageReference "firebase-ios-sdk" */ = {
			isa = XCRemoteSwiftPackageReference;
			repositoryURL = "https://github.com/firebase/firebase-ios-sdk.git";
			requirement = {
				kind = upToNextMajorVersion;
				minimumVersion = 12.14.0;
			};
		};
/* End XCRemoteSwiftPackageReference section */

/* Begin XCSwiftPackageProductDependency section */
		AC01000000000000000000A2 /* AZDecimal */ = {
			isa = XCSwiftPackageProductDependency;
			package = AC01000000000000000000A5 /* XCRemoteSwiftPackageReference "AZCalc" */;
			productName = AZDecimal;
		};
		AC01000000000000000000A4 /* AZFormula */ = {
			isa = XCSwiftPackageProductDependency;
			package = AC01000000000000000000A5 /* XCRemoteSwiftPackageReference "AZCalc" */;
			productName = AZFormula;
		};
		C3165E4C2EE6D6B900169223 /* GoogleMobileAds */ = {
			isa = XCSwiftPackageProductDependency;
			package = C3165E4B2EE6D68A00169223 /* XCRemoteSwiftPackageReference "swift-package-manager-google-mobile-ads" */;
			productName = GoogleMobileAds;
		};
		C38A3D1C2FD84C4A00AC7390 /* FirebaseAnalytics */ = {
			isa = XCSwiftPackageProductDependency;
			package = C38A3D1B2FD84C4A00AC7390 /* XCRemoteSwiftPackageReference "firebase-ios-sdk" */;
			productName = FirebaseAnalytics;
		};
		C38A3D1E2FD84C4A00AC7390 /* FirebaseCore */ = {
			isa = XCSwiftPackageProductDependency;
			package = C38A3D1B2FD84C4A00AC7390 /* XCRemoteSwiftPackageReference "firebase-ios-sdk" */;
			productName = FirebaseCore;
		};
		C38A3D202FD84C4A00AC7390 /* FirebaseCrashlytics */ = {
			isa = XCSwiftPackageProductDependency;
			package = C38A3D1B2FD84C4A00AC7390 /* XCRemoteSwiftPackageReference "firebase-ios-sdk" */;
			productName = FirebaseCrashlytics;
		};
/* End XCSwiftPackageProductDependency section */
	};
	rootObject = C30A789B2E10EE8500212729 /* Project object */;
}
